
Microsoft Visual Studio Solution File, Format Version 12.00
# Visual Studio Version 17
VisualStudioVersion = 17.11.35312.102
MinimumVisualStudioVersion = 10.0.40219.1
Project("{FAE04EC0-301F-11D3-BF4B-00C04F79EFBC}") = "AsadAfzal", "AsadAfzal\AsadAfzal.csproj", "{EB128FFC-9E9E-4DDE-9548-91296AA82709}"
EndProject
Global
	GlobalSection(SolutionConfigurationPlatforms) = preSolution
		Debug|Any CPU = Debug|Any CPU
		Release|Any CPU = Release|Any CPU
	EndGlobalSection
	GlobalSection(ProjectConfigurationPlatforms) = postSolution
		{EB128FFC-9E9E-4DDE-9548-91296AA82709}.Debug|Any CPU.ActiveCfg = Debug|Any CPU
		{EB128FFC-9E9E-4DDE-9548-91296AA82709}.Debug|Any CPU.Build.0 = Debug|Any CPU
		{EB128FFC-9E9E-4DDE-9548-91296AA82709}.Release|Any CPU.ActiveCfg = Release|Any CPU
		{EB128FFC-9E9E-4DDE-9548-91296AA82709}.Release|Any CPU.Build.0 = Release|Any CPU
	EndGlobalSection
	GlobalSection(SolutionProperties) = preSolution
		HideSolutionNode = FALSE
	EndGlobalSection
	GlobalSection(ExtensibilityGlobals) = postSolution
		SolutionGuid = {472C559A-71C8-4341-9D5E-6A70753C0572}
	EndGlobalSection
EndGlobal
